// !$*UTF8*$!
{
	archiveVersion = 1;
	classes = {
	};
	objectVersion = 55;
	objects = {

/* Begin PBXBuildFile section */
		EB350E6F27504BFF00BC98BA /* HelloAuthApp.swift in Sources */ = {isa = PBXBuildFile; fileRef = EB350E6E27504BFF00BC98BA /* HelloAuthApp.swift */; };
		EB350E7327504C0200BC98BA /* Assets.xcassets in Resources */ = {isa = PBXBuildFile; fileRef = EB350E7227504C0200BC98BA /* Assets.xcassets */; };
		EB350E7627504C0200BC98BA /* Preview Assets.xcassets in Resources */ = {isa = PBXBuildFile; fileRef = EB350E7527504C0200BC98BA /* Preview Assets.xcassets */; };
		EB350E8027504E7A00BC98BA /* AppNavigation.swift in Sources */ = {isa = PBXBuildFile; fileRef = EB350E7F27504E7A00BC98BA /* AppNavigation.swift */; };
		EB350E8227504EB600BC98BA /* ProviderDetails.swift in Sources */ = {isa = PBXBuildFile; fileRef = EB350E8127504EB600BC98BA /* ProviderDetails.swift */; };
		EB350E852750529800BC98BA /* LoginView.swift in Sources */ = {isa = PBXBuildFile; fileRef = EB350E842750529800BC98BA /* LoginView.swift */; };
		EB350E88275053F100BC98BA /* AuthenticationService.swift in Sources */ = {isa = PBXBuildFile; fileRef = EB350E87275053F000BC98BA /* AuthenticationService.swift */; };
		EB350E8A275056EE00BC98BA /* LoginViewModel.swift in Sources */ = {isa = PBXBuildFile; fileRef = EB350E89275056EE00BC98BA /* LoginViewModel.swift */; };
		EB350E8D27505A7800BC98BA /* JWTDecode in Frameworks */ = {isa = PBXBuildFile; productRef = EB350E8C27505A7800BC98BA /* JWTDecode */; };
		EB350E8F27505D8000BC98BA /* TokenResponse.swift in Sources */ = {isa = PBXBuildFile; fileRef = EB350E8E27505D8000BC98BA /* TokenResponse.swift */; };
		EB350E922750711400BC98BA /* NotificationView.swift in Sources */ = {isa = PBXBuildFile; fileRef = EB350E912750711400BC98BA /* NotificationView.swift */; };
		EB350E94275073A600BC98BA /* NotificationViewModel.swift in Sources */ = {isa = PBXBuildFile; fileRef = EB350E93275073A600BC98BA /* NotificationViewModel.swift */; };
/* End PBXBuildFile section */

/* Begin PBXFileReference section */
		EB350E6B27504BFF00BC98BA /* HelloAuth.app */ = {isa = PBXFileReference; explicitFileType = wrapper.application; includeInIndex = 0; path = HelloAuth.app; sourceTree = BUILT_PRODUCTS_DIR; };
		EB350E6E27504BFF00BC98BA /* HelloAuthApp.swift */ = {isa = PBXFileReference; lastKnownFileType = sourcecode.swift; path = HelloAuthApp.swift; sourceTree = "<group>"; };
		EB350E7227504C0200BC98BA /* Assets.xcassets */ = {isa = PBXFileReference; lastKnownFileType = folder.assetcatalog; path = Assets.xcassets; sourceTree = "<group>"; };
		EB350E7527504C0200BC98BA /* Preview Assets.xcassets */ = {isa = PBXFileReference; lastKnownFileType = folder.assetcatalog; path = "Preview Assets.xcassets"; sourceTree = "<group>"; };
		EB350E7F27504E7A00BC98BA /* AppNavigation.swift */ = {isa = PBXFileReference; lastKnownFileType = sourcecode.swift; path = AppNavigation.swift; sourceTree = "<group>"; };
		EB350E8127504EB600BC98BA /* ProviderDetails.swift */ = {isa = PBXFileReference; lastKnownFileType = sourcecode.swift; path = ProviderDetails.swift; sourceTree = "<group>"; };
		EB350E83275051D400BC98BA /* Info.plist */ = {isa = PBXFileReference; lastKnownFileType = text.plist; path = Info.plist; sourceTree = "<group>"; };
		EB350E842750529800BC98BA /* LoginView.swift */ = {isa = PBXFileReference; lastKnownFileType = sourcecode.swift; path = LoginView.swift; sourceTree = "<group>"; };
		EB350E87275053F000BC98BA /* AuthenticationService.swift */ = {isa = PBXFileReference; lastKnownFileType = sourcecode.swift; path = AuthenticationService.swift; sourceTree = "<group>"; };
		EB350E89275056EE00BC98BA /* LoginViewModel.swift */ = {isa = PBXFileReference; lastKnownFileType = sourcecode.swift; path = LoginViewModel.swift; sourceTree = "<group>"; };
		EB350E8E27505D8000BC98BA /* TokenResponse.swift */ = {isa = PBXFileReference; lastKnownFileType = sourcecode.swift; path = TokenResponse.swift; sourceTree = "<group>"; };
		EB350E902750637A00BC98BA /* HelloAuth.entitlements */ = {isa = PBXFileReference; lastKnownFileType = text.plist.entitlements; path = HelloAuth.entitlements; sourceTree = "<group>"; };
		EB350E912750711400BC98BA /* NotificationView.swift */ = {isa = PBXFileReference; lastKnownFileType = sourcecode.swift; path = NotificationView.swift; sourceTree = "<group>"; };
		EB350E93275073A600BC98BA /* NotificationViewModel.swift */ = {isa = PBXFileReference; lastKnownFileType = sourcecode.swift; path = NotificationViewModel.swift; sourceTree = "<group>"; };
/* End PBXFileReference section */

/* Begin PBXFrameworksBuildPhase section */
		EB350E6827504BFF00BC98BA /* Frameworks */ = {
			isa = PBXFrameworksBuildPhase;
			buildActionMask = 2147483647;
			files = (
				EB350E8D27505A7800BC98BA /* JWTDecode in Frameworks */,
			);
			runOnlyForDeploymentPostprocessing = 0;
		};
/* End PBXFrameworksBuildPhase section */

/* Begin PBXGroup section */
		EB350E6227504BFF00BC98BA = {
			isa = PBXGroup;
			children = (
				EB350E6D27504BFF00BC98BA /* HelloAuth */,
				EB350E6C27504BFF00BC98BA /* Products */,
			);
			sourceTree = "<group>";
		};
		EB350E6C27504BFF00BC98BA /* Products */ = {
			isa = PBXGroup;
			children = (
				EB350E6B27504BFF00BC98BA /* HelloAuth.app */,
			);
			name = Products;
			sourceTree = "<group>";
		};
		EB350E6D27504BFF00BC98BA /* HelloAuth */ = {
			isa = PBXGroup;
			children = (
				EB350E902750637A00BC98BA /* HelloAuth.entitlements */,
				EB350E83275051D400BC98BA /* Info.plist */,
				EB350E7E27504E4800BC98BA /* Model */,
				EB350E7D27504E4200BC98BA /* View */,
				EB350E7C27504E3B00BC98BA /* ViewModel */,
				EB350E6E27504BFF00BC98BA /* HelloAuthApp.swift */,
				EB350E7F27504E7A00BC98BA /* AppNavigation.swift */,
				EB350E7227504C0200BC98BA /* Assets.xcassets */,
				EB350E7427504C0200BC98BA /* Preview Content */,
			);
			path = HelloAuth;
			sourceTree = "<group>";
		};
		EB350E7427504C0200BC98BA /* Preview Content */ = {
			isa = PBXGroup;
			children = (
				EB350E7527504C0200BC98BA /* Preview Assets.xcassets */,
			);
			path = "Preview Content";
			sourceTree = "<group>";
		};
		EB350E7C27504E3B00BC98BA /* ViewModel */ = {
			isa = PBXGroup;
			children = (
				EB350E89275056EE00BC98BA /* LoginViewModel.swift */,
				EB350E93275073A600BC98BA /* NotificationViewModel.swift */,
			);
			path = ViewModel;
			sourceTree = "<group>";
		};
		EB350E7D27504E4200BC98BA /* View */ = {
			isa = PBXGroup;
			children = (
				EB350E842750529800BC98BA /* LoginView.swift */,
				EB350E912750711400BC98BA /* NotificationView.swift */,
			);
			path = View;
			sourceTree = "<group>";
		};
		EB350E7E27504E4800BC98BA /* Model */ = {
			isa = PBXGroup;
			children = (
				EB350E86275053DB00BC98BA /* Service */,
				EB350E8127504EB600BC98BA /* ProviderDetails.swift */,
				EB350E8E27505D8000BC98BA /* TokenResponse.swift */,
			);
			path = Model;
			sourceTree = "<group>";
		};
		EB350E86275053DB00BC98BA /* Service */ = {
			isa = PBXGroup;
			children = (
				EB350E87275053F000BC98BA /* AuthenticationService.swift */,
			);
			path = Service;
			sourceTree = "<group>";
		};
/* End PBXGroup section */

/* Begin PBXNativeTarget section */
		EB350E6A27504BFF00BC98BA /* HelloAuth */ = {
			isa = PBXNativeTarget;
			buildConfigurationList = EB350E7927504C0200BC98BA /* Build configuration list for PBXNativeTarget "HelloAuth" */;
			buildPhases = (
				EB350E6727504BFF00BC98BA /* Sources */,
				EB350E6827504BFF00BC98BA /* Frameworks */,
				EB350E6927504BFF00BC98BA /* Resources */,
			);
			buildRules = (
			);
			dependencies = (
			);
			name = HelloAuth;
			packageProductDependencies = (
				EB350E8C27505A7800BC98BA /* JWTDecode */,
			);
			productName = HelloAuth;
			productReference = EB350E6B27504BFF00BC98BA /* HelloAuth.app */;
			productType = "com.apple.product-type.application";
		};
/* End PBXNativeTarget section */

/* Begin PBXProject section */
		EB350E6327504BFF00BC98BA /* Project object */ = {
			isa = PBXProject;
			attributes = {
				BuildIndependentTargetsInParallel = 1;
				LastSwiftUpdateCheck = 1310;
				LastUpgradeCheck = 1310;
				TargetAttributes = {
					EB350E6A27504BFF00BC98BA = {
						CreatedOnToolsVersion = 13.1;
					};
				};
			};
			buildConfigurationList = EB350E6627504BFF00BC98BA /* Build configuration list for PBXProject "HelloAuth" */;
			compatibilityVersion = "Xcode 13.0";
			developmentRegion = en;
			hasScannedForEncodings = 0;
			knownRegions = (
				en,
				Base,
			);
			mainGroup = EB350E6227504BFF00BC98BA;
			packageReferences = (
				EB350E8B27505A7800BC98BA /* XCRemoteSwiftPackageReference "JWTDecode.swift" */,
			);
			productRefGroup = EB350E6C27504BFF00BC98BA /* Products */;
			projectDirPath = "";
			projectRoot = "";
			targets = (
				EB350E6A27504BFF00BC98BA /* HelloAuth */,
			);
		};
/* End PBXProject section */

/* Begin PBXResourcesBuildPhase section */
		EB350E6927504BFF00BC98BA /* Resources */ = {
			isa = PBXResourcesBuildPhase;
			buildActionMask = 2147483647;
			files = (
				EB350E7627504C0200BC98BA /* Preview Assets.xcassets in Resources */,
				EB350E7327504C0200BC98BA /* Assets.xcassets in Resources */,
			);
			runOnlyForDeploymentPostprocessing = 0;
		};
/* End PBXResourcesBuildPhase section */

/* Begin PBXSourcesBuildPhase section */
		EB350E6727504BFF00BC98BA /* Sources */ = {
			isa = PBXSourcesBuildPhase;
			buildActionMask = 2147483647;
			files = (
				EB350E8227504EB600BC98BA /* ProviderDetails.swift in Sources */,
				EB350E6F27504BFF00BC98BA /* HelloAuthApp.swift in Sources */,
				EB350E8F27505D8000BC98BA /* TokenResponse.swift in Sources */,
				EB350E922750711400BC98BA /* NotificationView.swift in Sources */,
				EB350E8A275056EE00BC98BA /* LoginViewModel.swift in Sources */,
				EB350E94275073A600BC98BA /* NotificationViewModel.swift in Sources */,
				EB350E852750529800BC98BA /* LoginView.swift in Sources */,
				EB350E8027504E7A00BC98BA /* AppNavigation.swift in Sources */,
				EB350E88275053F100BC98BA /* AuthenticationService.swift in Sources */,
			);
			runOnlyForDeploymentPostprocessing = 0;
		};
/* End PBXSourcesBuildPhase section */

/* Begin XCBuildConfiguration section */
		EB350E7727504C0200BC98BA /* Debug */ = {
			isa = XCBuildConfiguration;
			buildSettings = {
				ALWAYS_SEARCH_USER_PATHS = NO;
				CLANG_ANALYZER_NONNULL = YES;
				CLANG_ANALYZER_NUMBER_OBJECT_CONVERSION = YES_AGGRESSIVE;
				CLANG_CXX_LANGUAGE_STANDARD = "gnu++17";
				CLANG_CXX_LIBRARY = "libc++";
				CLANG_ENABLE_MODULES = YES;
				CLANG_ENABLE_OBJC_ARC = YES;
				CLANG_ENABLE_OBJC_WEAK = YES;
				CLANG_WARN_BLOCK_CAPTURE_AUTORELEASING = YES;
				CLANG_WARN_BOOL_CONVERSION = YES;
				CLANG_WARN_COMMA = YES;
				CLANG_WARN_CONSTANT_CONVERSION = YES;
				CLANG_WARN_DEPRECATED_OBJC_IMPLEMENTATIONS = YES;
				CLANG_WARN_DIRECT_OBJC_ISA_USAGE = YES_ERROR;
				CLANG_WARN_DOCUMENTATION_COMMENTS = YES;
				CLANG_WARN_EMPTY_BODY = YES;
				CLANG_WARN_ENUM_CONVERSION = YES;
				CLANG_WARN_INFINITE_RECURSION = YES;
				CLANG_WARN_INT_CONVERSION = YES;
				CLANG_WARN_NON_LITERAL_NULL_CONVERSION = YES;
				CLANG_WARN_OBJC_IMPLICIT_RETAIN_SELF = YES;
				CLANG_WARN_OBJC_LITERAL_CONVERSION = YES;
				CLANG_WARN_OBJC_ROOT_CLASS = YES_ERROR;
				CLANG_WARN_QUOTED_INCLUDE_IN_FRAMEWORK_HEADER = YES;
				CLANG_WARN_RANGE_LOOP_ANALYSIS = YES;
				CLANG_WARN_STRICT_PROTOTYPES = YES;
				CLANG_WARN_SUSPICIOUS_MOVE = YES;
				CLANG_WARN_UNGUARDED_AVAILABILITY = YES_AGGRESSIVE;
				CLANG_WARN_UNREACHABLE_CODE = YES;
				CLANG_WARN__DUPLICATE_METHOD_MATCH = YES;
				COPY_PHASE_STRIP = NO;
				DEBUG_INFORMATION_FORMAT = dwarf;
				ENABLE_STRICT_OBJC_MSGSEND = YES;
				ENABLE_TESTABILITY = YES;
				GCC_C_LANGUAGE_STANDARD = gnu11;
				GCC_DYNAMIC_NO_PIC = NO;
				GCC_NO_COMMON_BLOCKS = YES;
				GCC_OPTIMIZATION_LEVEL = 0;
				GCC_PREPROCESSOR_DEFINITIONS = (
					"DEBUG=1",
					"$(inherited)",
				);
				GCC_WARN_64_TO_32_BIT_CONVERSION = YES;
				GCC_WARN_ABOUT_RETURN_TYPE = YES_ERROR;
				GCC_WARN_UNDECLARED_SELECTOR = YES;
				GCC_WARN_UNINITIALIZED_AUTOS = YES_AGGRESSIVE;
				GCC_WARN_UNUSED_FUNCTION = YES;
				GCC_WARN_UNUSED_VARIABLE = YES;
				IPHONEOS_DEPLOYMENT_TARGET = 15.0;
				MTL_ENABLE_DEBUG_INFO = INCLUDE_SOURCE;
				MTL_FAST_MATH = YES;
				ONLY_ACTIVE_ARCH = YES;
				SDKROOT = iphoneos;
				SWIFT_ACTIVE_COMPILATION_CONDITIONS = DEBUG;
				SWIFT_OPTIMIZATION_LEVEL = "-Onone";
			};
			name = Debug;
		};
		EB350E7827504C0200BC98BA /* Release */ = {
			isa = XCBuildConfiguration;
			buildSettings = {
				ALWAYS_SEARCH_USER_PATHS = NO;
				CLANG_ANALYZER_NONNULL = YES;
				CLANG_ANALYZER_NUMBER_OBJECT_CONVERSION = YES_AGGRESSIVE;
				CLANG_CXX_LANGUAGE_STANDARD = "gnu++17";
				CLANG_CXX_LIBRARY = "libc++";
				CLANG_ENABLE_MODULES = YES;
				CLANG_ENABLE_OBJC_ARC = YES;
				CLANG_ENABLE_OBJC_WEAK = YES;
				CLANG_WARN_BLOCK_CAPTURE_AUTORELEASING = YES;
				CLANG_WARN_BOOL_CONVERSION = YES;
				CLANG_WARN_COMMA = YES;
				CLANG_WARN_CONSTANT_CONVERSION = YES;
				CLANG_WARN_DEPRECATED_OBJC_IMPLEMENTATIONS = YES;
				CLANG_WARN_DIRECT_OBJC_ISA_USAGE = YES_ERROR;
				CLANG_WARN_DOCUMENTATION_COMMENTS = YES;
				CLANG_WARN_EMPTY_BODY = YES;
				CLANG_WARN_ENUM_CONVERSION = YES;
				CLANG_WARN_INFINITE_RECURSION = YES;
				CLANG_WARN_INT_CONVERSION = YES;
				CLANG_WARN_NON_LITERAL_NULL_CONVERSION = YES;
				CLANG_WARN_OBJC_IMPLICIT_RETAIN_SELF = YES;
				CLANG_WARN_OBJC_LITERAL_CONVERSION = YES;
				CLANG_WARN_OBJC_ROOT_CLASS = YES_ERROR;
				CLANG_WARN_QUOTED_INCLUDE_IN_FRAMEWORK_HEADER = YES;
				CLANG_WARN_RANGE_LOOP_ANALYSIS = YES;
				CLANG_WARN_STRICT_PROTOTYPES = YES;
				CLANG_WARN_SUSPICIOUS_MOVE = YES;
				CLANG_WARN_UNGUARDED_AVAILABILITY = YES_AGGRESSIVE;
				CLANG_WARN_UNREACHABLE_CODE = YES;
				CLANG_WARN__DUPLICATE_METHOD_MATCH = YES;
				COPY_PHASE_STRIP = NO;
				DEBUG_INFORMATION_FORMAT = "dwarf-with-dsym";
				ENABLE_NS_ASSERTIONS = NO;
				ENABLE_STRICT_OBJC_MSGSEND = YES;
				GCC_C_LANGUAGE_STANDARD = gnu11;
				GCC_NO_COMMON_BLOCKS = YES;
				GCC_WARN_64_TO_32_BIT_CONVERSION = YES;
				GCC_WARN_ABOUT_RETURN_TYPE = YES_ERROR;
				GCC_WARN_UNDECLARED_SELECTOR = YES;
				GCC_WARN_UNINITIALIZED_AUTOS = YES_AGGRESSIVE;
				GCC_WARN_UNUSED_FUNCTION = YES;
				GCC_WARN_UNUSED_VARIABLE = YES;
				IPHONEOS_DEPLOYMENT_TARGET = 15.0;
				MTL_ENABLE_DEBUG_INFO = NO;
				MTL_FAST_MATH = YES;
				SDKROOT = iphoneos;
				SWIFT_COMPILATION_MODE = wholemodule;
				SWIFT_OPTIMIZATION_LEVEL = "-O";
				VALIDATE_PRODUCT = YES;
			};
			name = Release;
		};
		EB350E7A27504C0200BC98BA /* Debug */ = {
			isa = XCBuildConfiguration;
			buildSettings = {
				ASSETCATALOG_COMPILER_APPICON_NAME = AppIcon;
				ASSETCATALOG_COMPILER_GLOBAL_ACCENT_COLOR_NAME = AccentColor;
				CODE_SIGN_ENTITLEMENTS = HelloAuth/HelloAuth.entitlements;
				CODE_SIGN_STYLE = Automatic;
				CURRENT_PROJECT_VERSION = 1;
				DEVELOPMENT_ASSET_PATHS = "\"HelloAuth/Preview Content\"";
				DEVELOPMENT_TEAM = RRNNBMBSXJ;
				ENABLE_PREVIEWS = YES;
				GENERATE_INFOPLIST_FILE = YES;
				INFOPLIST_FILE = HelloAuth/Info.plist;
				INFOPLIST_KEY_UIApplicationSceneManifest_Generation = YES;
				INFOPLIST_KEY_UIApplicationSupportsIndirectInputEvents = YES;
				INFOPLIST_KEY_UILaunchScreen_Generation = YES;
				INFOPLIST_KEY_UISupportedInterfaceOrientations_iPad = "UIInterfaceOrientationPortrait UIInterfaceOrientationPortraitUpsideDown UIInterfaceOrientationLandscapeLeft UIInterfaceOrientationLandscapeRight";
				INFOPLIST_KEY_UISupportedInterfaceOrientations_iPhone = "UIInterfaceOrientationPortrait UIInterfaceOrientationLandscapeLeft UIInterfaceOrientationLandscapeRight";
				LD_RUNPATH_SEARCH_PATHS = (
					"$(inherited)",
					"@executable_path/Frameworks",
				);
				MARKETING_VERSION = 1.0;
				PRODUCT_BUNDLE_IDENTIFIER = br.pedroh.HelloAuth;
				PRODUCT_NAME = "$(TARGET_NAME)";
				SWIFT_EMIT_LOC_STRINGS = YES;
				SWIFT_VERSION = 5.0;
				TARGETED_DEVICE_FAMILY = "1,2";
			};
			name = Debug;
		};
		EB350E7B27504C0200BC98BA /* Release */ = {
			isa = XCBuildConfiguration;
			buildSettings = {
				ASSETCATALOG_COMPILER_APPICON_NAME = AppIcon;
				ASSETCATALOG_COMPILER_GLOBAL_ACCENT_COLOR_NAME = AccentColor;
				CODE_SIGN_ENTITLEMENTS = HelloAuth/HelloAuth.entitlements;
				CODE_SIGN_STYLE = Automatic;
				CURRENT_PROJECT_VERSION = 1;
				DEVELOPMENT_ASSET_PATHS = "\"HelloAuth/Preview Content\"";
				DEVELOPMENT_TEAM = RRNNBMBSXJ;
				ENABLE_PREVIEWS = YES;
				GENERATE_INFOPLIST_FILE = YES;
				INFOPLIST_FILE = HelloAuth/Info.plist;
				INFOPLIST_KEY_UIApplicationSceneManifest_Generation = YES;
				INFOPLIST_KEY_UIApplicationSupportsIndirectInputEvents = YES;
				INFOPLIST_KEY_UILaunchScreen_Generation = YES;
				INFOPLIST_KEY_UISupportedInterfaceOrientations_iPad = "UIInterfaceOrientationPortrait UIInterfaceOrientationPortraitUpsideDown UIInterfaceOrientationLandscapeLeft UIInterfaceOrientationLandscapeRight";
				INFOPLIST_KEY_UISupportedInterfaceOrientations_iPhone = "UIInterfaceOrientationPortrait UIInterfaceOrientationLandscapeLeft UIInterfaceOrientationLandscapeRight";
				LD_RUNPATH_SEARCH_PATHS = (
					"$(inherited)",
					"@executable_path/Frameworks",
				);
				MARKETING_VERSION = 1.0;
				PRODUCT_BUNDLE_IDENTIFIER = br.pedroh.HelloAuth;
				PRODUCT_NAME = "$(TARGET_NAME)";
				SWIFT_EMIT_LOC_STRINGS = YES;
				SWIFT_VERSION = 5.0;
				TARGETED_DEVICE_FAMILY = "1,2";
			};
			name = Release;
		};
/* End XCBuildConfiguration section */

/* Begin XCConfigurationList section */
		EB350E6627504BFF00BC98BA /* Build configuration list for PBXProject "HelloAuth" */ = {
			isa = XCConfigurationList;
			buildConfigurations = (
				EB350E7727504C0200BC98BA /* Debug */,
				EB350E7827504C0200BC98BA /* Release */,
			);
			defaultConfigurationIsVisible = 0;
			defaultConfigurationName = Release;
		};
		EB350E7927504C0200BC98BA /* Build configuration list for PBXNativeTarget "HelloAuth" */ = {
			isa = XCConfigurationList;
			buildConfigurations = (
				EB350E7A27504C0200BC98BA /* Debug */,
				EB350E7B27504C0200BC98BA /* Release */,
			);
			defaultConfigurationIsVisible = 0;
			defaultConfigurationName = Release;
		};
/* End XCConfigurationList section */

/* Begin XCRemoteSwiftPackageReference section */
		EB350E8B27505A7800BC98BA /* XCRemoteSwiftPackageReference "JWTDecode.swift" */ = {
			isa = XCRemoteSwiftPackageReference;
			repositoryURL = "https://github.com/auth0/JWTDecode.swift.git";
			requirement = {
				kind = upToNextMajorVersion;
				minimumVersion = 2.0.0;
			};
		};
/* End XCRemoteSwiftPackageReference section */

/* Begin XCSwiftPackageProductDependency section */
		EB350E8C27505A7800BC98BA /* JWTDecode */ = {
			isa = XCSwiftPackageProductDependency;
			package = EB350E8B27505A7800BC98BA /* XCRemoteSwiftPackageReference "JWTDecode.swift" */;
			productName = JWTDecode;
		};
/* End XCSwiftPackageProductDependency section */
	};
	rootObject = EB350E6327504BFF00BC98BA /* Project object */;
}
