// !$*UTF8*$!
{
	archiveVersion = 1;
	classes = {
	};
	objectVersion = 55;
	objects = {

/* Begin PBXBuildFile section */
		EB5C40D927507F9B00139B4A /* GenderDetector.mlmodel in Sources */ = {isa = PBXBuildFile; fileRef = EB5C40D827507F9B00139B4A /* GenderDetector.mlmodel */; };
		EBBCDD8527471BEC00A71570 /* DetectorApp.swift in Sources */ = {isa = PBXBuildFile; fileRef = EBBCDD8427471BEC00A71570 /* DetectorApp.swift */; };
		EBBCDD8727471BEC00A71570 /* ContentView.swift in Sources */ = {isa = PBXBuildFile; fileRef = EBBCDD8627471BEC00A71570 /* ContentView.swift */; };
		EBBCDD8927471BEE00A71570 /* Assets.xcassets in Resources */ = {isa = PBXBuildFile; fileRef = EBBCDD8827471BEE00A71570 /* Assets.xcassets */; };
		EBBCDD8C27471BEE00A71570 /* Preview Assets.xcassets in Resources */ = {isa = PBXBuildFile; fileRef = EBBCDD8B27471BEE00A71570 /* Preview Assets.xcassets */; };
		EBBCDD9327471C0F00A71570 /* FlowerDetector.mlmodel in Sources */ = {isa = PBXBuildFile; fileRef = EBBCDD9227471C0F00A71570 /* FlowerDetector.mlmodel */; };
		EBBCDD9527471CBE00A71570 /* ImageAcquisitionController.swift in Sources */ = {isa = PBXBuildFile; fileRef = EBBCDD9427471CBE00A71570 /* ImageAcquisitionController.swift */; };
		EBBCDD9727471D3B00A71570 /* ImagePicker.swift in Sources */ = {isa = PBXBuildFile; fileRef = EBBCDD9627471D3B00A71570 /* ImagePicker.swift */; };
		EBBCDD992747221D00A71570 /* Detector.swift in Sources */ = {isa = PBXBuildFile; fileRef = EBBCDD982747221D00A71570 /* Detector.swift */; };
		EBBCDD9B27472C4800A71570 /* FlowerDetectorLessEpochs.mlmodel in Sources */ = {isa = PBXBuildFile; fileRef = EBBCDD9A27472C4700A71570 /* FlowerDetectorLessEpochs.mlmodel */; };
		EBBCDD9D274736D400A71570 /* FlowerDetectorTuri.mlmodel in Sources */ = {isa = PBXBuildFile; fileRef = EBBCDD9C274736D400A71570 /* FlowerDetectorTuri.mlmodel */; };
/* End PBXBuildFile section */

/* Begin PBXFileReference section */
		EB5C40D827507F9B00139B4A /* GenderDetector.mlmodel */ = {isa = PBXFileReference; lastKnownFileType = file.mlmodel; path = GenderDetector.mlmodel; sourceTree = "<group>"; };
		EBBCDD8127471BEC00A71570 /* Detector.app */ = {isa = PBXFileReference; explicitFileType = wrapper.application; includeInIndex = 0; path = Detector.app; sourceTree = BUILT_PRODUCTS_DIR; };
		EBBCDD8427471BEC00A71570 /* DetectorApp.swift */ = {isa = PBXFileReference; lastKnownFileType = sourcecode.swift; path = DetectorApp.swift; sourceTree = "<group>"; };
		EBBCDD8627471BEC00A71570 /* ContentView.swift */ = {isa = PBXFileReference; lastKnownFileType = sourcecode.swift; path = ContentView.swift; sourceTree = "<group>"; };
		EBBCDD8827471BEE00A71570 /* Assets.xcassets */ = {isa = PBXFileReference; lastKnownFileType = folder.assetcatalog; path = Assets.xcassets; sourceTree = "<group>"; };
		EBBCDD8B27471BEE00A71570 /* Preview Assets.xcassets */ = {isa = PBXFileReference; lastKnownFileType = folder.assetcatalog; path = "Preview Assets.xcassets"; sourceTree = "<group>"; };
		EBBCDD9227471C0F00A71570 /* FlowerDetector.mlmodel */ = {isa = PBXFileReference; lastKnownFileType = file.mlmodel; path = FlowerDetector.mlmodel; sourceTree = "<group>"; };
		EBBCDD9427471CBE00A71570 /* ImageAcquisitionController.swift */ = {isa = PBXFileReference; lastKnownFileType = sourcecode.swift; path = ImageAcquisitionController.swift; sourceTree = "<group>"; };
		EBBCDD9627471D3B00A71570 /* ImagePicker.swift */ = {isa = PBXFileReference; lastKnownFileType = sourcecode.swift; path = ImagePicker.swift; sourceTree = "<group>"; };
		EBBCDD982747221D00A71570 /* Detector.swift */ = {isa = PBXFileReference; lastKnownFileType = sourcecode.swift; path = Detector.swift; sourceTree = "<group>"; };
		EBBCDD9A27472C4700A71570 /* FlowerDetectorLessEpochs.mlmodel */ = {isa = PBXFileReference; lastKnownFileType = file.mlmodel; path = FlowerDetectorLessEpochs.mlmodel; sourceTree = "<group>"; };
		EBBCDD9C274736D400A71570 /* FlowerDetectorTuri.mlmodel */ = {isa = PBXFileReference; lastKnownFileType = file.mlmodel; path = FlowerDetectorTuri.mlmodel; sourceTree = "<group>"; };
/* End PBXFileReference section */

/* Begin PBXFrameworksBuildPhase section */
		EBBCDD7E27471BEC00A71570 /* Frameworks */ = {
			isa = PBXFrameworksBuildPhase;
			buildActionMask = 2147483647;
			files = (
			);
			runOnlyForDeploymentPostprocessing = 0;
		};
/* End PBXFrameworksBuildPhase section */

/* Begin PBXGroup section */
		EBBCDD7827471BEC00A71570 = {
			isa = PBXGroup;
			children = (
				EBBCDD8327471BEC00A71570 /* Detector */,
				EBBCDD8227471BEC00A71570 /* Products */,
			);
			sourceTree = "<group>";
		};
		EBBCDD8227471BEC00A71570 /* Products */ = {
			isa = PBXGroup;
			children = (
				EBBCDD8127471BEC00A71570 /* Detector.app */,
			);
			name = Products;
			sourceTree = "<group>";
		};
		EBBCDD8327471BEC00A71570 /* Detector */ = {
			isa = PBXGroup;
			children = (
				EB5C40D827507F9B00139B4A /* GenderDetector.mlmodel */,
				EBBCDD9227471C0F00A71570 /* FlowerDetector.mlmodel */,
				EBBCDD9A27472C4700A71570 /* FlowerDetectorLessEpochs.mlmodel */,
				EBBCDD9C274736D400A71570 /* FlowerDetectorTuri.mlmodel */,
				EBBCDD8427471BEC00A71570 /* DetectorApp.swift */,
				EBBCDD8627471BEC00A71570 /* ContentView.swift */,
				EBBCDD8827471BEE00A71570 /* Assets.xcassets */,
				EBBCDD8A27471BEE00A71570 /* Preview Content */,
				EBBCDD9427471CBE00A71570 /* ImageAcquisitionController.swift */,
				EBBCDD9627471D3B00A71570 /* ImagePicker.swift */,
				EBBCDD982747221D00A71570 /* Detector.swift */,
			);
			path = Detector;
			sourceTree = "<group>";
		};
		EBBCDD8A27471BEE00A71570 /* Preview Content */ = {
			isa = PBXGroup;
			children = (
				EBBCDD8B27471BEE00A71570 /* Preview Assets.xcassets */,
			);
			path = "Preview Content";
			sourceTree = "<group>";
		};
/* End PBXGroup section */

/* Begin PBXNativeTarget section */
		EBBCDD8027471BEC00A71570 /* Detector */ = {
			isa = PBXNativeTarget;
			buildConfigurationList = EBBCDD8F27471BEE00A71570 /* Build configuration list for PBXNativeTarget "Detector" */;
			buildPhases = (
				EBBCDD7D27471BEC00A71570 /* Sources */,
				EBBCDD7E27471BEC00A71570 /* Frameworks */,
				EBBCDD7F27471BEC00A71570 /* Resources */,
			);
			buildRules = (
			);
			dependencies = (
			);
			name = Detector;
			productName = Detector;
			productReference = EBBCDD8127471BEC00A71570 /* Detector.app */;
			productType = "com.apple.product-type.application";
		};
/* End PBXNativeTarget section */

/* Begin PBXProject section */
		EBBCDD7927471BEC00A71570 /* Project object */ = {
			isa = PBXProject;
			attributes = {
				BuildIndependentTargetsInParallel = 1;
				LastSwiftUpdateCheck = 1310;
				LastUpgradeCheck = 1310;
				TargetAttributes = {
					EBBCDD8027471BEC00A71570 = {
						CreatedOnToolsVersion = 13.1;
					};
				};
			};
			buildConfigurationList = EBBCDD7C27471BEC00A71570 /* Build configuration list for PBXProject "Detector" */;
			compatibilityVersion = "Xcode 13.0";
			developmentRegion = en;
			hasScannedForEncodings = 0;
			knownRegions = (
				en,
				Base,
			);
			mainGroup = EBBCDD7827471BEC00A71570;
			productRefGroup = EBBCDD8227471BEC00A71570 /* Products */;
			projectDirPath = "";
			projectRoot = "";
			targets = (
				EBBCDD8027471BEC00A71570 /* Detector */,
			);
		};
/* End PBXProject section */

/* Begin PBXResourcesBuildPhase section */
		EBBCDD7F27471BEC00A71570 /* Resources */ = {
			isa = PBXResourcesBuildPhase;
			buildActionMask = 2147483647;
			files = (
				EBBCDD8C27471BEE00A71570 /* Preview Assets.xcassets in Resources */,
				EBBCDD8927471BEE00A71570 /* Assets.xcassets in Resources */,
			);
			runOnlyForDeploymentPostprocessing = 0;
		};
/* End PBXResourcesBuildPhase section */

/* Begin PBXSourcesBuildPhase section */
		EBBCDD7D27471BEC00A71570 /* Sources */ = {
			isa = PBXSourcesBuildPhase;
			buildActionMask = 2147483647;
			files = (
				EBBCDD992747221D00A71570 /* Detector.swift in Sources */,
				EBBCDD9727471D3B00A71570 /* ImagePicker.swift in Sources */,
				EB5C40D927507F9B00139B4A /* GenderDetector.mlmodel in Sources */,
				EBBCDD9327471C0F00A71570 /* FlowerDetector.mlmodel in Sources */,
				EBBCDD8727471BEC00A71570 /* ContentView.swift in Sources */,
				EBBCDD9B27472C4800A71570 /* FlowerDetectorLessEpochs.mlmodel in Sources */,
				EBBCDD9527471CBE00A71570 /* ImageAcquisitionController.swift in Sources */,
				EBBCDD8527471BEC00A71570 /* DetectorApp.swift in Sources */,
				EBBCDD9D274736D400A71570 /* FlowerDetectorTuri.mlmodel in Sources */,
			);
			runOnlyForDeploymentPostprocessing = 0;
		};
/* End PBXSourcesBuildPhase section */

/* Begin XCBuildConfiguration section */
		EBBCDD8D27471BEE00A71570 /* Debug */ = {
			isa = XCBuildConfiguration;
			buildSettings = {
				ALWAYS_SEARCH_USER_PATHS = NO;
				CLANG_ANALYZER_NONNULL = YES;
				CLANG_ANALYZER_NUMBER_OBJECT_CONVERSION = YES_AGGRESSIVE;
				CLANG_CXX_LANGUAGE_STANDARD = "gnu++17";
				CLANG_CXX_LIBRARY = "libc++";
				CLANG_ENABLE_MODULES = YES;
				CLANG_ENABLE_OBJC_ARC = YES;
				CLANG_ENABLE_OBJC_WEAK = YES;
				CLANG_WARN_BLOCK_CAPTURE_AUTORELEASING = YES;
				CLANG_WARN_BOOL_CONVERSION = YES;
				CLANG_WARN_COMMA = YES;
				CLANG_WARN_CONSTANT_CONVERSION = YES;
				CLANG_WARN_DEPRECATED_OBJC_IMPLEMENTATIONS = YES;
				CLANG_WARN_DIRECT_OBJC_ISA_USAGE = YES_ERROR;
				CLANG_WARN_DOCUMENTATION_COMMENTS = YES;
				CLANG_WARN_EMPTY_BODY = YES;
				CLANG_WARN_ENUM_CONVERSION = YES;
				CLANG_WARN_INFINITE_RECURSION = YES;
				CLANG_WARN_INT_CONVERSION = YES;
				CLANG_WARN_NON_LITERAL_NULL_CONVERSION = YES;
				CLANG_WARN_OBJC_IMPLICIT_RETAIN_SELF = YES;
				CLANG_WARN_OBJC_LITERAL_CONVERSION = YES;
				CLANG_WARN_OBJC_ROOT_CLASS = YES_ERROR;
				CLANG_WARN_QUOTED_INCLUDE_IN_FRAMEWORK_HEADER = YES;
				CLANG_WARN_RANGE_LOOP_ANALYSIS = YES;
				CLANG_WARN_STRICT_PROTOTYPES = YES;
				CLANG_WARN_SUSPICIOUS_MOVE = YES;
				CLANG_WARN_UNGUARDED_AVAILABILITY = YES_AGGRESSIVE;
				CLANG_WARN_UNREACHABLE_CODE = YES;
				CLANG_WARN__DUPLICATE_METHOD_MATCH = YES;
				COPY_PHASE_STRIP = NO;
				DEBUG_INFORMATION_FORMAT = dwarf;
				ENABLE_STRICT_OBJC_MSGSEND = YES;
				ENABLE_TESTABILITY = YES;
				GCC_C_LANGUAGE_STANDARD = gnu11;
				GCC_DYNAMIC_NO_PIC = NO;
				GCC_NO_COMMON_BLOCKS = YES;
				GCC_OPTIMIZATION_LEVEL = 0;
				GCC_PREPROCESSOR_DEFINITIONS = (
					"DEBUG=1",
					"$(inherited)",
				);
				GCC_WARN_64_TO_32_BIT_CONVERSION = YES;
				GCC_WARN_ABOUT_RETURN_TYPE = YES_ERROR;
				GCC_WARN_UNDECLARED_SELECTOR = YES;
				GCC_WARN_UNINITIALIZED_AUTOS = YES_AGGRESSIVE;
				GCC_WARN_UNUSED_FUNCTION = YES;
				GCC_WARN_UNUSED_VARIABLE = YES;
				IPHONEOS_DEPLOYMENT_TARGET = 15.0;
				MTL_ENABLE_DEBUG_INFO = INCLUDE_SOURCE;
				MTL_FAST_MATH = YES;
				ONLY_ACTIVE_ARCH = YES;
				SDKROOT = iphoneos;
				SWIFT_ACTIVE_COMPILATION_CONDITIONS = DEBUG;
				SWIFT_OPTIMIZATION_LEVEL = "-Onone";
			};
			name = Debug;
		};
		EBBCDD8E27471BEE00A71570 /* Release */ = {
			isa = XCBuildConfiguration;
			buildSettings = {
				ALWAYS_SEARCH_USER_PATHS = NO;
				CLANG_ANALYZER_NONNULL = YES;
				CLANG_ANALYZER_NUMBER_OBJECT_CONVERSION = YES_AGGRESSIVE;
				CLANG_CXX_LANGUAGE_STANDARD = "gnu++17";
				CLANG_CXX_LIBRARY = "libc++";
				CLANG_ENABLE_MODULES = YES;
				CLANG_ENABLE_OBJC_ARC = YES;
				CLANG_ENABLE_OBJC_WEAK = YES;
				CLANG_WARN_BLOCK_CAPTURE_AUTORELEASING = YES;
				CLANG_WARN_BOOL_CONVERSION = YES;
				CLANG_WARN_COMMA = YES;
				CLANG_WARN_CONSTANT_CONVERSION = YES;
				CLANG_WARN_DEPRECATED_OBJC_IMPLEMENTATIONS = YES;
				CLANG_WARN_DIRECT_OBJC_ISA_USAGE = YES_ERROR;
				CLANG_WARN_DOCUMENTATION_COMMENTS = YES;
				CLANG_WARN_EMPTY_BODY = YES;
				CLANG_WARN_ENUM_CONVERSION = YES;
				CLANG_WARN_INFINITE_RECURSION = YES;
				CLANG_WARN_INT_CONVERSION = YES;
				CLANG_WARN_NON_LITERAL_NULL_CONVERSION = YES;
				CLANG_WARN_OBJC_IMPLICIT_RETAIN_SELF = YES;
				CLANG_WARN_OBJC_LITERAL_CONVERSION = YES;
				CLANG_WARN_OBJC_ROOT_CLASS = YES_ERROR;
				CLANG_WARN_QUOTED_INCLUDE_IN_FRAMEWORK_HEADER = YES;
				CLANG_WARN_RANGE_LOOP_ANALYSIS = YES;
				CLANG_WARN_STRICT_PROTOTYPES = YES;
				CLANG_WARN_SUSPICIOUS_MOVE = YES;
				CLANG_WARN_UNGUARDED_AVAILABILITY = YES_AGGRESSIVE;
				CLANG_WARN_UNREACHABLE_CODE = YES;
				CLANG_WARN__DUPLICATE_METHOD_MATCH = YES;
				COPY_PHASE_STRIP = NO;
				DEBUG_INFORMATION_FORMAT = "dwarf-with-dsym";
				ENABLE_NS_ASSERTIONS = NO;
				ENABLE_STRICT_OBJC_MSGSEND = YES;
				GCC_C_LANGUAGE_STANDARD = gnu11;
				GCC_NO_COMMON_BLOCKS = YES;
				GCC_WARN_64_TO_32_BIT_CONVERSION = YES;
				GCC_WARN_ABOUT_RETURN_TYPE = YES_ERROR;
				GCC_WARN_UNDECLARED_SELECTOR = YES;
				GCC_WARN_UNINITIALIZED_AUTOS = YES_AGGRESSIVE;
				GCC_WARN_UNUSED_FUNCTION = YES;
				GCC_WARN_UNUSED_VARIABLE = YES;
				IPHONEOS_DEPLOYMENT_TARGET = 15.0;
				MTL_ENABLE_DEBUG_INFO = NO;
				MTL_FAST_MATH = YES;
				SDKROOT = iphoneos;
				SWIFT_COMPILATION_MODE = wholemodule;
				SWIFT_OPTIMIZATION_LEVEL = "-O";
				VALIDATE_PRODUCT = YES;
			};
			name = Release;
		};
		EBBCDD9027471BEE00A71570 /* Debug */ = {
			isa = XCBuildConfiguration;
			buildSettings = {
				ASSETCATALOG_COMPILER_APPICON_NAME = AppIcon;
				ASSETCATALOG_COMPILER_GLOBAL_ACCENT_COLOR_NAME = AccentColor;
				CODE_SIGN_STYLE = Automatic;
				CURRENT_PROJECT_VERSION = 1;
				DEVELOPMENT_ASSET_PATHS = "\"Detector/Preview Content\"";
				ENABLE_PREVIEWS = YES;
				GENERATE_INFOPLIST_FILE = YES;
				INFOPLIST_KEY_UIApplicationSceneManifest_Generation = YES;
				INFOPLIST_KEY_UIApplicationSupportsIndirectInputEvents = YES;
				INFOPLIST_KEY_UILaunchScreen_Generation = YES;
				INFOPLIST_KEY_UISupportedInterfaceOrientations_iPad = "UIInterfaceOrientationPortrait UIInterfaceOrientationPortraitUpsideDown UIInterfaceOrientationLandscapeLeft UIInterfaceOrientationLandscapeRight";
				INFOPLIST_KEY_UISupportedInterfaceOrientations_iPhone = "UIInterfaceOrientationPortrait UIInterfaceOrientationLandscapeLeft UIInterfaceOrientationLandscapeRight";
				LD_RUNPATH_SEARCH_PATHS = (
					"$(inherited)",
					"@executable_path/Frameworks",
				);
				MARKETING_VERSION = 1.0;
				PRODUCT_BUNDLE_IDENTIFIER = br.pedroh.Detector;
				PRODUCT_NAME = "$(TARGET_NAME)";
				SWIFT_EMIT_LOC_STRINGS = YES;
				SWIFT_VERSION = 5.0;
				TARGETED_DEVICE_FAMILY = "1,2";
			};
			name = Debug;
		};
		EBBCDD9127471BEE00A71570 /* Release */ = {
			isa = XCBuildConfiguration;
			buildSettings = {
				ASSETCATALOG_COMPILER_APPICON_NAME = AppIcon;
				ASSETCATALOG_COMPILER_GLOBAL_ACCENT_COLOR_NAME = AccentColor;
				CODE_SIGN_STYLE = Automatic;
				CURRENT_PROJECT_VERSION = 1;
				DEVELOPMENT_ASSET_PATHS = "\"Detector/Preview Content\"";
				ENABLE_PREVIEWS = YES;
				GENERATE_INFOPLIST_FILE = YES;
				INFOPLIST_KEY_UIApplicationSceneManifest_Generation = YES;
				INFOPLIST_KEY_UIApplicationSupportsIndirectInputEvents = YES;
				INFOPLIST_KEY_UILaunchScreen_Generation = YES;
				INFOPLIST_KEY_UISupportedInterfaceOrientations_iPad = "UIInterfaceOrientationPortrait UIInterfaceOrientationPortraitUpsideDown UIInterfaceOrientationLandscapeLeft UIInterfaceOrientationLandscapeRight";
				INFOPLIST_KEY_UISupportedInterfaceOrientations_iPhone = "UIInterfaceOrientationPortrait UIInterfaceOrientationLandscapeLeft UIInterfaceOrientationLandscapeRight";
				LD_RUNPATH_SEARCH_PATHS = (
					"$(inherited)",
					"@executable_path/Frameworks",
				);
				MARKETING_VERSION = 1.0;
				PRODUCT_BUNDLE_IDENTIFIER = br.pedroh.Detector;
				PRODUCT_NAME = "$(TARGET_NAME)";
				SWIFT_EMIT_LOC_STRINGS = YES;
				SWIFT_VERSION = 5.0;
				TARGETED_DEVICE_FAMILY = "1,2";
			};
			name = Release;
		};
/* End XCBuildConfiguration section */

/* Begin XCConfigurationList section */
		EBBCDD7C27471BEC00A71570 /* Build configuration list for PBXProject "Detector" */ = {
			isa = XCConfigurationList;
			buildConfigurations = (
				EBBCDD8D27471BEE00A71570 /* Debug */,
				EBBCDD8E27471BEE00A71570 /* Release */,
			);
			defaultConfigurationIsVisible = 0;
			defaultConfigurationName = Release;
		};
		EBBCDD8F27471BEE00A71570 /* Build configuration list for PBXNativeTarget "Detector" */ = {
			isa = XCConfigurationList;
			buildConfigurations = (
				EBBCDD9027471BEE00A71570 /* Debug */,
				EBBCDD9127471BEE00A71570 /* Release */,
			);
			defaultConfigurationIsVisible = 0;
			defaultConfigurationName = Release;
		};
/* End XCConfigurationList section */
	};
	rootObject = EBBCDD7927471BEC00A71570 /* Project object */;
}
